// !$*UTF8*$!
{
	archiveVersion = 1;
	classes = {
	};
	objectVersion = 48;
	objects = {

/* Begin PBXBuildFile section */
		1076CA4E20812E6000F1A06B /* AppDelegate.swift in Sources */ = {isa = PBXBuildFile; fileRef = 1076CA4D20812E6000F1A06B /* AppDelegate.swift */; };
		1076CA5020812E6000F1A06B /* ViewController.swift in Sources */ = {isa = PBXBuildFile; fileRef = 1076CA4F20812E6000F1A06B /* ViewController.swift */; };
		1076CA5520812E6000F1A06B /* Assets.xcassets in Resources */ = {isa = PBXBuildFile; fileRef = 1076CA5420812E6000F1A06B /* Assets.xcassets */; };
		1076CA5820812E6000F1A06B /* LaunchScreen.storyboard in Resources */ = {isa = PBXBuildFile; fileRef = 1076CA5620812E6000F1A06B /* LaunchScreen.storyboard */; };
		1076CA6320812E6000F1A06B /* SwiftTableviewProjTests.swift in Sources */ = {isa = PBXBuildFile; fileRef = 1076CA6220812E6000F1A06B /* SwiftTableviewProjTests.swift */; };
		1076CA6E20812E6000F1A06B /* SwiftTableviewProjUITests.swift in Sources */ = {isa = PBXBuildFile; fileRef = 1076CA6D20812E6000F1A06B /* SwiftTableviewProjUITests.swift */; };
		1076CA7C20812F1D00F1A06B /* ViewController.xib in Resources */ = {isa = PBXBuildFile; fileRef = 1076CA7B20812F1D00F1A06B /* ViewController.xib */; };
		1076CA7D20812F1D00F1A06B /* ViewController.xib in Resources */ = {isa = PBXBuildFile; fileRef = 1076CA7B20812F1D00F1A06B /* ViewController.xib */; };
		1076CA7E20812F1D00F1A06B /* ViewController.xib in Resources */ = {isa = PBXBuildFile; fileRef = 1076CA7B20812F1D00F1A06B /* ViewController.xib */; };
		1076CA8120812F7200F1A06B /* CustomTableViewCell.swift in Sources */ = {isa = PBXBuildFile; fileRef = 1076CA7F20812F7200F1A06B /* CustomTableViewCell.swift */; };
		1076CA8220812F7200F1A06B /* CustomTableViewCell.swift in Sources */ = {isa = PBXBuildFile; fileRef = 1076CA7F20812F7200F1A06B /* CustomTableViewCell.swift */; };
		1076CA8320812F7200F1A06B /* CustomTableViewCell.swift in Sources */ = {isa = PBXBuildFile; fileRef = 1076CA7F20812F7200F1A06B /* CustomTableViewCell.swift */; };
		1076CA8420812F7200F1A06B /* CustomTableViewCell.xib in Resources */ = {isa = PBXBuildFile; fileRef = 1076CA8020812F7200F1A06B /* CustomTableViewCell.xib */; };
		1076CA8520812F7200F1A06B /* CustomTableViewCell.xib in Resources */ = {isa = PBXBuildFile; fileRef = 1076CA8020812F7200F1A06B /* CustomTableViewCell.xib */; };
		1076CA8620812F7200F1A06B /* CustomTableViewCell.xib in Resources */ = {isa = PBXBuildFile; fileRef = 1076CA8020812F7200F1A06B /* CustomTableViewCell.xib */; };
		10CC50572092612A009F7428 /* PetModel.swift in Sources */ = {isa = PBXBuildFile; fileRef = 10CC50562092612A009F7428 /* PetModel.swift */; };
		10CC505920926296009F7428 /* PetViewModel.swift in Sources */ = {isa = PBXBuildFile; fileRef = 10CC505820926296009F7428 /* PetViewModel.swift */; };
		10CC50772096712B009F7428 /* Stuart.jpg in Resources */ = {isa = PBXBuildFile; fileRef = 10CC50732096712A009F7428 /* Stuart.jpg */; };
		10CC50782096712B009F7428 /* Joey.jpg in Resources */ = {isa = PBXBuildFile; fileRef = 10CC50742096712A009F7428 /* Joey.jpg */; };
		10CC50792096712B009F7428 /* Holly.jpg in Resources */ = {isa = PBXBuildFile; fileRef = 10CC50752096712A009F7428 /* Holly.jpg */; };
		10CC507A2096712B009F7428 /* Cutie.png in Resources */ = {isa = PBXBuildFile; fileRef = 10CC50762096712A009F7428 /* Cutie.png */; };
/* End PBXBuildFile section */

/* Begin PBXContainerItemProxy section */
		1076CA5F20812E6000F1A06B /* PBXContainerItemProxy */ = {
			isa = PBXContainerItemProxy;
			containerPortal = 1076CA4220812E6000F1A06B /* Project object */;
			proxyType = 1;
			remoteGlobalIDString = 1076CA4920812E6000F1A06B;
			remoteInfo = SwiftTableviewProj;
		};
		1076CA6A20812E6000F1A06B /* PBXContainerItemProxy */ = {
			isa = PBXContainerItemProxy;
			containerPortal = 1076CA4220812E6000F1A06B /* Project object */;
			proxyType = 1;
			remoteGlobalIDString = 1076CA4920812E6000F1A06B;
			remoteInfo = SwiftTableviewProj;
		};
/* End PBXContainerItemProxy section */

/* Begin PBXFileReference section */
		1076CA4A20812E6000F1A06B /* SwiftTableviewProj.app */ = {isa = PBXFileReference; explicitFileType = wrapper.application; includeInIndex = 0; path = SwiftTableviewProj.app; sourceTree = BUILT_PRODUCTS_DIR; };
		1076CA4D20812E6000F1A06B /* AppDelegate.swift */ = {isa = PBXFileReference; lastKnownFileType = sourcecode.swift; path = AppDelegate.swift; sourceTree = "<group>"; };
		1076CA4F20812E6000F1A06B /* ViewController.swift */ = {isa = PBXFileReference; lastKnownFileType = sourcecode.swift; path = ViewController.swift; sourceTree = "<group>"; };
		1076CA5420812E6000F1A06B /* Assets.xcassets */ = {isa = PBXFileReference; lastKnownFileType = folder.assetcatalog; path = Assets.xcassets; sourceTree = "<group>"; };
		1076CA5720812E6000F1A06B /* Base */ = {isa = PBXFileReference; lastKnownFileType = file.storyboard; name = Base; path = Base.lproj/LaunchScreen.storyboard; sourceTree = "<group>"; };
		1076CA5920812E6000F1A06B /* Info.plist */ = {isa = PBXFileReference; lastKnownFileType = text.plist.xml; path = Info.plist; sourceTree = "<group>"; };
		1076CA5E20812E6000F1A06B /* SwiftTableviewProjTests.xctest */ = {isa = PBXFileReference; explicitFileType = wrapper.cfbundle; includeInIndex = 0; path = SwiftTableviewProjTests.xctest; sourceTree = BUILT_PRODUCTS_DIR; };
		1076CA6220812E6000F1A06B /* SwiftTableviewProjTests.swift */ = {isa = PBXFileReference; lastKnownFileType = sourcecode.swift; path = SwiftTableviewProjTests.swift; sourceTree = "<group>"; };
		1076CA6420812E6000F1A06B /* Info.plist */ = {isa = PBXFileReference; lastKnownFileType = text.plist.xml; path = Info.plist; sourceTree = "<group>"; };
		1076CA6920812E6000F1A06B /* SwiftTableviewProjUITests.xctest */ = {isa = PBXFileReference; explicitFileType = wrapper.cfbundle; includeInIndex = 0; path = SwiftTableviewProjUITests.xctest; sourceTree = BUILT_PRODUCTS_DIR; };
		1076CA6D20812E6000F1A06B /* SwiftTableviewProjUITests.swift */ = {isa = PBXFileReference; lastKnownFileType = sourcecode.swift; path = SwiftTableviewProjUITests.swift; sourceTree = "<group>"; };
		1076CA6F20812E6000F1A06B /* Info.plist */ = {isa = PBXFileReference; lastKnownFileType = text.plist.xml; path = Info.plist; sourceTree = "<group>"; };
		1076CA7B20812F1D00F1A06B /* ViewController.xib */ = {isa = PBXFileReference; lastKnownFileType = file.xib; path = ViewController.xib; sourceTree = "<group>"; };
		1076CA7F20812F7200F1A06B /* CustomTableViewCell.swift */ = {isa = PBXFileReference; lastKnownFileType = sourcecode.swift; path = CustomTableViewCell.swift; sourceTree = "<group>"; };
		1076CA8020812F7200F1A06B /* CustomTableViewCell.xib */ = {isa = PBXFileReference; lastKnownFileType = file.xib; path = CustomTableViewCell.xib; sourceTree = "<group>"; };
		10CC50562092612A009F7428 /* PetModel.swift */ = {isa = PBXFileReference; lastKnownFileType = sourcecode.swift; path = PetModel.swift; sourceTree = "<group>"; };
		10CC505820926296009F7428 /* PetViewModel.swift */ = {isa = PBXFileReference; lastKnownFileType = sourcecode.swift; path = PetViewModel.swift; sourceTree = "<group>"; };
		10CC50732096712A009F7428 /* Stuart.jpg */ = {isa = PBXFileReference; lastKnownFileType = image.jpeg; name = Stuart.jpg; path = SwiftTableviewProj/Stuart.jpg; sourceTree = SOURCE_ROOT; };
		10CC50742096712A009F7428 /* Joey.jpg */ = {isa = PBXFileReference; lastKnownFileType = image.jpeg; name = Joey.jpg; path = SwiftTableviewProj/Joey.jpg; sourceTree = SOURCE_ROOT; };
		10CC50752096712A009F7428 /* Holly.jpg */ = {isa = PBXFileReference; lastKnownFileType = image.jpeg; name = Holly.jpg; path = SwiftTableviewProj/Holly.jpg; sourceTree = SOURCE_ROOT; };
		10CC50762096712A009F7428 /* Cutie.png */ = {isa = PBXFileReference; lastKnownFileType = image.png; name = Cutie.png; path = SwiftTableviewProj/Cutie.png; sourceTree = SOURCE_ROOT; };
/* End PBXFileReference section */

/* Begin PBXFrameworksBuildPhase section */
		1076CA4720812E6000F1A06B /* Frameworks */ = {
			isa = PBXFrameworksBuildPhase;
			buildActionMask = 2147483647;
			files = (
			);
			runOnlyForDeploymentPostprocessing = 0;
		};
		1076CA5B20812E6000F1A06B /* Frameworks */ = {
			isa = PBXFrameworksBuildPhase;
			buildActionMask = 2147483647;
			files = (
			);
			runOnlyForDeploymentPostprocessing = 0;
		};
		1076CA6620812E6000F1A06B /* Frameworks */ = {
			isa = PBXFrameworksBuildPhase;
			buildActionMask = 2147483647;
			files = (
			);
			runOnlyForDeploymentPostprocessing = 0;
		};
/* End PBXFrameworksBuildPhase section */

/* Begin PBXGroup section */
		1076CA4120812E6000F1A06B = {
			isa = PBXGroup;
			children = (
				10CC505A20926CAE009F7428 /* Resources */,
				1076CA4C20812E6000F1A06B /* SwiftTableviewProj */,
				1076CA6120812E6000F1A06B /* SwiftTableviewProjTests */,
				1076CA6C20812E6000F1A06B /* SwiftTableviewProjUITests */,
				1076CA4B20812E6000F1A06B /* Products */,
			);
			sourceTree = "<group>";
		};
		1076CA4B20812E6000F1A06B /* Products */ = {
			isa = PBXGroup;
			children = (
				1076CA4A20812E6000F1A06B /* SwiftTableviewProj.app */,
				1076CA5E20812E6000F1A06B /* SwiftTableviewProjTests.xctest */,
				1076CA6920812E6000F1A06B /* SwiftTableviewProjUITests.xctest */,
			);
			name = Products;
			sourceTree = "<group>";
		};
		1076CA4C20812E6000F1A06B /* SwiftTableviewProj */ = {
			isa = PBXGroup;
			children = (
				1076CA4D20812E6000F1A06B /* AppDelegate.swift */,
				10CC50562092612A009F7428 /* PetModel.swift */,
				10CC505820926296009F7428 /* PetViewModel.swift */,
				1076CA4F20812E6000F1A06B /* ViewController.swift */,
				1076CA7B20812F1D00F1A06B /* ViewController.xib */,
				1076CA7F20812F7200F1A06B /* CustomTableViewCell.swift */,
				1076CA8020812F7200F1A06B /* CustomTableViewCell.xib */,
				1076CA5420812E6000F1A06B /* Assets.xcassets */,
				1076CA5620812E6000F1A06B /* LaunchScreen.storyboard */,
				1076CA5920812E6000F1A06B /* Info.plist */,
			);
			path = SwiftTableviewProj;
			sourceTree = "<group>";
		};
		1076CA6120812E6000F1A06B /* SwiftTableviewProjTests */ = {
			isa = PBXGroup;
			children = (
				1076CA6220812E6000F1A06B /* SwiftTableviewProjTests.swift */,
				1076CA6420812E6000F1A06B /* Info.plist */,
			);
			path = SwiftTableviewProjTests;
			sourceTree = "<group>";
		};
		1076CA6C20812E6000F1A06B /* SwiftTableviewProjUITests */ = {
			isa = PBXGroup;
			children = (
				1076CA6D20812E6000F1A06B /* SwiftTableviewProjUITests.swift */,
				1076CA6F20812E6000F1A06B /* Info.plist */,
			);
			path = SwiftTableviewProjUITests;
			sourceTree = "<group>";
		};
		10CC505A20926CAE009F7428 /* Resources */ = {
			isa = PBXGroup;
			children = (
				10CC50762096712A009F7428 /* Cutie.png */,
				10CC50752096712A009F7428 /* Holly.jpg */,
				10CC50742096712A009F7428 /* Joey.jpg */,
				10CC50732096712A009F7428 /* Stuart.jpg */,
			);
			path = Resources;
			sourceTree = "<group>";
		};
/* End PBXGroup section */

/* Begin PBXNativeTarget section */
		1076CA4920812E6000F1A06B /* SwiftTableviewProj */ = {
			isa = PBXNativeTarget;
			buildConfigurationList = 1076CA7220812E6000F1A06B /* Build configuration list for PBXNativeTarget "SwiftTableviewProj" */;
			buildPhases = (
				1076CA4620812E6000F1A06B /* Sources */,
				1076CA4720812E6000F1A06B /* Frameworks */,
				1076CA4820812E6000F1A06B /* Resources */,
			);
			buildRules = (
			);
			dependencies = (
			);
			name = SwiftTableviewProj;
			productName = SwiftTableviewProj;
			productReference = 1076CA4A20812E6000F1A06B /* SwiftTableviewProj.app */;
			productType = "com.apple.product-type.application";
		};
		1076CA5D20812E6000F1A06B /* SwiftTableviewProjTests */ = {
			isa = PBXNativeTarget;
			buildConfigurationList = 1076CA7520812E6000F1A06B /* Build configuration list for PBXNativeTarget "SwiftTableviewProjTests" */;
			buildPhases = (
				1076CA5A20812E6000F1A06B /* Sources */,
				1076CA5B20812E6000F1A06B /* Frameworks */,
				1076CA5C20812E6000F1A06B /* Resources */,
			);
			buildRules = (
			);
			dependencies = (
				1076CA6020812E6000F1A06B /* PBXTargetDependency */,
			);
			name = SwiftTableviewProjTests;
			productName = SwiftTableviewProjTests;
			productReference = 1076CA5E20812E6000F1A06B /* SwiftTableviewProjTests.xctest */;
			productType = "com.apple.product-type.bundle.unit-test";
		};
		1076CA6820812E6000F1A06B /* SwiftTableviewProjUITests */ = {
			isa = PBXNativeTarget;
			buildConfigurationList = 1076CA7820812E6000F1A06B /* Build configuration list for PBXNativeTarget "SwiftTableviewProjUITests" */;
			buildPhases = (
				1076CA6520812E6000F1A06B /* Sources */,
				1076CA6620812E6000F1A06B /* Frameworks */,
				1076CA6720812E6000F1A06B /* Resources */,
			);
			buildRules = (
			);
			dependencies = (
				1076CA6B20812E6000F1A06B /* PBXTargetDependency */,
			);
			name = SwiftTableviewProjUITests;
			productName = SwiftTableviewProjUITests;
			productReference = 1076CA6920812E6000F1A06B /* SwiftTableviewProjUITests.xctest */;
			productType = "com.apple.product-type.bundle.ui-testing";
		};
/* End PBXNativeTarget section */

/* Begin PBXProject section */
		1076CA4220812E6000F1A06B /* Project object */ = {
			isa = PBXProject;
			attributes = {
				LastSwiftUpdateCheck = 0900;
				LastUpgradeCheck = 0900;
				ORGANIZATIONNAME = "Satabdi Das";
				TargetAttributes = {
					1076CA4920812E6000F1A06B = {
						CreatedOnToolsVersion = 9.0;
						ProvisioningStyle = Automatic;
					};
					1076CA5D20812E6000F1A06B = {
						CreatedOnToolsVersion = 9.0;
						ProvisioningStyle = Automatic;
						TestTargetID = 1076CA4920812E6000F1A06B;
					};
					1076CA6820812E6000F1A06B = {
						CreatedOnToolsVersion = 9.0;
						ProvisioningStyle = Automatic;
						TestTargetID = 1076CA4920812E6000F1A06B;
					};
				};
			};
			buildConfigurationList = 1076CA4520812E6000F1A06B /* Build configuration list for PBXProject "SwiftTableviewProj" */;
			compatibilityVersion = "Xcode 8.0";
			developmentRegion = en;
			hasScannedForEncodings = 0;
			knownRegions = (
				en,
				Base,
			);
			mainGroup = 1076CA4120812E6000F1A06B;
			productRefGroup = 1076CA4B20812E6000F1A06B /* Products */;
			projectDirPath = "";
			projectRoot = "";
			targets = (
				1076CA4920812E6000F1A06B /* SwiftTableviewProj */,
				1076CA5D20812E6000F1A06B /* SwiftTableviewProjTests */,
				1076CA6820812E6000F1A06B /* SwiftTableviewProjUITests */,
			);
		};
/* End PBXProject section */

/* Begin PBXResourcesBuildPhase section */
		1076CA4820812E6000F1A06B /* Resources */ = {
			isa = PBXResourcesBuildPhase;
			buildActionMask = 2147483647;
			files = (
				1076CA5820812E6000F1A06B /* LaunchScreen.storyboard in Resources */,
				10CC50772096712B009F7428 /* Stuart.jpg in Resources */,
				10CC50782096712B009F7428 /* Joey.jpg in Resources */,
				1076CA7C20812F1D00F1A06B /* ViewController.xib in Resources */,
				10CC50792096712B009F7428 /* Holly.jpg in Resources */,
				1076CA8420812F7200F1A06B /* CustomTableViewCell.xib in Resources */,
				10CC507A2096712B009F7428 /* Cutie.png in Resources */,
				1076CA5520812E6000F1A06B /* Assets.xcassets in Resources */,
			);
			runOnlyForDeploymentPostprocessing = 0;
		};
		1076CA5C20812E6000F1A06B /* Resources */ = {
			isa = PBXResourcesBuildPhase;
			buildActionMask = 2147483647;
			files = (
				1076CA8520812F7200F1A06B /* CustomTableViewCell.xib in Resources */,
				1076CA7D20812F1D00F1A06B /* ViewController.xib in Resources */,
			);
			runOnlyForDeploymentPostprocessing = 0;
		};
		1076CA6720812E6000F1A06B /* Resources */ = {
			isa = PBXResourcesBuildPhase;
			buildActionMask = 2147483647;
			files = (
				1076CA8620812F7200F1A06B /* CustomTableViewCell.xib in Resources */,
				1076CA7E20812F1D00F1A06B /* ViewController.xib in Resources */,
			);
			runOnlyForDeploymentPostprocessing = 0;
		};
/* End PBXResourcesBuildPhase section */

/* Begin PBXSourcesBuildPhase section */
		1076CA4620812E6000F1A06B /* Sources */ = {
			isa = PBXSourcesBuildPhase;
			buildActionMask = 2147483647;
			files = (
				1076CA8120812F7200F1A06B /* CustomTableViewCell.swift in Sources */,
				10CC505920926296009F7428 /* PetViewModel.swift in Sources */,
				1076CA5020812E6000F1A06B /* ViewController.swift in Sources */,
				1076CA4E20812E6000F1A06B /* AppDelegate.swift in Sources */,
				10CC50572092612A009F7428 /* PetModel.swift in Sources */,
			);
			runOnlyForDeploymentPostprocessing = 0;
		};
		1076CA5A20812E6000F1A06B /* Sources */ = {
			isa = PBXSourcesBuildPhase;
			buildActionMask = 2147483647;
			files = (
				1076CA8220812F7200F1A06B /* CustomTableViewCell.swift in Sources */,
				1076CA6320812E6000F1A06B /* SwiftTableviewProjTests.swift in Sources */,
			);
			runOnlyForDeploymentPostprocessing = 0;
		};
		1076CA6520812E6000F1A06B /* Sources */ = {
			isa = PBXSourcesBuildPhase;
			buildActionMask = 2147483647;
			files = (
				1076CA8320812F7200F1A06B /* CustomTableViewCell.swift in Sources */,
				1076CA6E20812E6000F1A06B /* SwiftTableviewProjUITests.swift in Sources */,
			);
			runOnlyForDeploymentPostprocessing = 0;
		};
/* End PBXSourcesBuildPhase section */

/* Begin PBXTargetDependency section */
		1076CA6020812E6000F1A06B /* PBXTargetDependency */ = {
			isa = PBXTargetDependency;
			target = 1076CA4920812E6000F1A06B /* SwiftTableviewProj */;
			targetProxy = 1076CA5F20812E6000F1A06B /* PBXContainerItemProxy */;
		};
		1076CA6B20812E6000F1A06B /* PBXTargetDependency */ = {
			isa = PBXTargetDependency;
			target = 1076CA4920812E6000F1A06B /* SwiftTableviewProj */;
			targetProxy = 1076CA6A20812E6000F1A06B /* PBXContainerItemProxy */;
		};
/* End PBXTargetDependency section */

/* Begin PBXVariantGroup section */
		1076CA5620812E6000F1A06B /* LaunchScreen.storyboard */ = {
			isa = PBXVariantGroup;
			children = (
				1076CA5720812E6000F1A06B /* Base */,
			);
			name = LaunchScreen.storyboard;
			sourceTree = "<group>";
		};
/* End PBXVariantGroup section */

/* Begin XCBuildConfiguration section */
		1076CA7020812E6000F1A06B /* Debug */ = {
			isa = XCBuildConfiguration;
			buildSettings = {
				ALWAYS_SEARCH_USER_PATHS = NO;
				CLANG_ANALYZER_NONNULL = YES;
				CLANG_ANALYZER_NUMBER_OBJECT_CONVERSION = YES_AGGRESSIVE;
				CLANG_CXX_LANGUAGE_STANDARD = "gnu++14";
				CLANG_CXX_LIBRARY = "libc++";
				CLANG_ENABLE_MODULES = YES;
				CLANG_ENABLE_OBJC_ARC = YES;
				CLANG_WARN_BLOCK_CAPTURE_AUTORELEASING = YES;
				CLANG_WARN_BOOL_CONVERSION = YES;
				CLANG_WARN_COMMA = YES;
				CLANG_WARN_CONSTANT_CONVERSION = YES;
				CLANG_WARN_DIRECT_OBJC_ISA_USAGE = YES_ERROR;
				CLANG_WARN_DOCUMENTATION_COMMENTS = YES;
				CLANG_WARN_EMPTY_BODY = YES;
				CLANG_WARN_ENUM_CONVERSION = YES;
				CLANG_WARN_INFINITE_RECURSION = YES;
				CLANG_WARN_INT_CONVERSION = YES;
				CLANG_WARN_NON_LITERAL_NULL_CONVERSION = YES;
				CLANG_WARN_OBJC_LITERAL_CONVERSION = YES;
				CLANG_WARN_OBJC_ROOT_CLASS = YES_ERROR;
				CLANG_WARN_RANGE_LOOP_ANALYSIS = YES;
				CLANG_WARN_STRICT_PROTOTYPES = YES;
				CLANG_WARN_SUSPICIOUS_MOVE = YES;
				CLANG_WARN_UNGUARDED_AVAILABILITY = YES_AGGRESSIVE;
				CLANG_WARN_UNREACHABLE_CODE = YES;
				CLANG_WARN__DUPLICATE_METHOD_MATCH = YES;
				CODE_SIGN_IDENTITY = "iPhone Developer";
				COPY_PHASE_STRIP = NO;
				DEBUG_INFORMATION_FORMAT = dwarf;
				ENABLE_STRICT_OBJC_MSGSEND = YES;
				ENABLE_TESTABILITY = YES;
				GCC_C_LANGUAGE_STANDARD = gnu11;
				GCC_DYNAMIC_NO_PIC = NO;
				GCC_NO_COMMON_BLOCKS = YES;
				GCC_OPTIMIZATION_LEVEL = 0;
				GCC_PREPROCESSOR_DEFINITIONS = (
					"DEBUG=1",
					"$(inherited)",
				);
				GCC_WARN_64_TO_32_BIT_CONVERSION = YES;
				GCC_WARN_ABOUT_RETURN_TYPE = YES_ERROR;
				GCC_WARN_UNDECLARED_SELECTOR = YES;
				GCC_WARN_UNINITIALIZED_AUTOS = YES_AGGRESSIVE;
				GCC_WARN_UNUSED_FUNCTION = YES;
				GCC_WARN_UNUSED_VARIABLE = YES;
				IPHONEOS_DEPLOYMENT_TARGET = 11.0;
				MTL_ENABLE_DEBUG_INFO = YES;
				ONLY_ACTIVE_ARCH = YES;
				SDKROOT = iphoneos;
				SWIFT_ACTIVE_COMPILATION_CONDITIONS = DEBUG;
				SWIFT_OPTIMIZATION_LEVEL = "-Onone";
			};
			name = Debug;
		};
		1076CA7120812E6000F1A06B /* Release */ = {
			isa = XCBuildConfiguration;
			buildSettings = {
				ALWAYS_SEARCH_USER_PATHS = NO;
				CLANG_ANALYZER_NONNULL = YES;
				CLANG_ANALYZER_NUMBER_OBJECT_CONVERSION = YES_AGGRESSIVE;
				CLANG_CXX_LANGUAGE_STANDARD = "gnu++14";
				CLANG_CXX_LIBRARY = "libc++";
				CLANG_ENABLE_MODULES = YES;
				CLANG_ENABLE_OBJC_ARC = YES;
				CLANG_WARN_BLOCK_CAPTURE_AUTORELEASING = YES;
				CLANG_WARN_BOOL_CONVERSION = YES;
				CLANG_WARN_COMMA = YES;
				CLANG_WARN_CONSTANT_CONVERSION = YES;
				CLANG_WARN_DIRECT_OBJC_ISA_USAGE = YES_ERROR;
				CLANG_WARN_DOCUMENTATION_COMMENTS = YES;
				CLANG_WARN_EMPTY_BODY = YES;
				CLANG_WARN_ENUM_CONVERSION = YES;
				CLANG_WARN_INFINITE_RECURSION = YES;
				CLANG_WARN_INT_CONVERSION = YES;
				CLANG_WARN_NON_LITERAL_NULL_CONVERSION = YES;
				CLANG_WARN_OBJC_LITERAL_CONVERSION = YES;
				CLANG_WARN_OBJC_ROOT_CLASS = YES_ERROR;
				CLANG_WARN_RANGE_LOOP_ANALYSIS = YES;
				CLANG_WARN_STRICT_PROTOTYPES = YES;
				CLANG_WARN_SUSPICIOUS_MOVE = YES;
				CLANG_WARN_UNGUARDED_AVAILABILITY = YES_AGGRESSIVE;
				CLANG_WARN_UNREACHABLE_CODE = YES;
				CLANG_WARN__DUPLICATE_METHOD_MATCH = YES;
				CODE_SIGN_IDENTITY = "iPhone Developer";
				COPY_PHASE_STRIP = NO;
				DEBUG_INFORMATION_FORMAT = "dwarf-with-dsym";
				ENABLE_NS_ASSERTIONS = NO;
				ENABLE_STRICT_OBJC_MSGSEND = YES;
				GCC_C_LANGUAGE_STANDARD = gnu11;
				GCC_NO_COMMON_BLOCKS = YES;
				GCC_WARN_64_TO_32_BIT_CONVERSION = YES;
				GCC_WARN_ABOUT_RETURN_TYPE = YES_ERROR;
				GCC_WARN_UNDECLARED_SELECTOR = YES;
				GCC_WARN_UNINITIALIZED_AUTOS = YES_AGGRESSIVE;
				GCC_WARN_UNUSED_FUNCTION = YES;
				GCC_WARN_UNUSED_VARIABLE = YES;
				IPHONEOS_DEPLOYMENT_TARGET = 11.0;
				MTL_ENABLE_DEBUG_INFO = NO;
				SDKROOT = iphoneos;
				SWIFT_OPTIMIZATION_LEVEL = "-Owholemodule";
				VALIDATE_PRODUCT = YES;
			};
			name = Release;
		};
		1076CA7320812E6000F1A06B /* Debug */ = {
			isa = XCBuildConfiguration;
			buildSettings = {
				ASSETCATALOG_COMPILER_APPICON_NAME = AppIcon;
				CODE_SIGN_STYLE = Automatic;
				INFOPLIST_FILE = SwiftTableviewProj/Info.plist;
				LD_RUNPATH_SEARCH_PATHS = "$(inherited) @executable_path/Frameworks";
				PRODUCT_BUNDLE_IDENTIFIER = infy.SwiftTableviewProj;
				PRODUCT_NAME = "$(TARGET_NAME)";
				SWIFT_VERSION = 4.0;
				TARGETED_DEVICE_FAMILY = "1,2";
			};
			name = Debug;
		};
		1076CA7420812E6000F1A06B /* Release */ = {
			isa = XCBuildConfiguration;
			buildSettings = {
				ASSETCATALOG_COMPILER_APPICON_NAME = AppIcon;
				CODE_SIGN_STYLE = Automatic;
				INFOPLIST_FILE = SwiftTableviewProj/Info.plist;
				LD_RUNPATH_SEARCH_PATHS = "$(inherited) @executable_path/Frameworks";
				PRODUCT_BUNDLE_IDENTIFIER = infy.SwiftTableviewProj;
				PRODUCT_NAME = "$(TARGET_NAME)";
				SWIFT_VERSION = 4.0;
				TARGETED_DEVICE_FAMILY = "1,2";
			};
			name = Release;
		};
		1076CA7620812E6000F1A06B /* Debug */ = {
			isa = XCBuildConfiguration;
			buildSettings = {
				ALWAYS_EMBED_SWIFT_STANDARD_LIBRARIES = YES;
				BUNDLE_LOADER = "$(TEST_HOST)";
				CODE_SIGN_STYLE = Automatic;
				INFOPLIST_FILE = SwiftTableviewProjTests/Info.plist;
				LD_RUNPATH_SEARCH_PATHS = "$(inherited) @executable_path/Frameworks @loader_path/Frameworks";
				PRODUCT_BUNDLE_IDENTIFIER = infy.SwiftTableviewProjTests;
				PRODUCT_NAME = "$(TARGET_NAME)";
				SWIFT_VERSION = 4.0;
				TARGETED_DEVICE_FAMILY = "1,2";
				TEST_HOST = "$(BUILT_PRODUCTS_DIR)/SwiftTableviewProj.app/SwiftTableviewProj";
			};
			name = Debug;
		};
		1076CA7720812E6000F1A06B /* Release */ = {
			isa = XCBuildConfiguration;
			buildSettings = {
				ALWAYS_EMBED_SWIFT_STANDARD_LIBRARIES = YES;
				BUNDLE_LOADER = "$(TEST_HOST)";
				CODE_SIGN_STYLE = Automatic;
				INFOPLIST_FILE = SwiftTableviewProjTests/Info.plist;
				LD_RUNPATH_SEARCH_PATHS = "$(inherited) @executable_path/Frameworks @loader_path/Frameworks";
				PRODUCT_BUNDLE_IDENTIFIER = infy.SwiftTableviewProjTests;
				PRODUCT_NAME = "$(TARGET_NAME)";
				SWIFT_VERSION = 4.0;
				TARGETED_DEVICE_FAMILY = "1,2";
				TEST_HOST = "$(BUILT_PRODUCTS_DIR)/SwiftTableviewProj.app/SwiftTableviewProj";
			};
			name = Release;
		};
		1076CA7920812E6000F1A06B /* Debug */ = {
			isa = XCBuildConfiguration;
			buildSettings = {
				ALWAYS_EMBED_SWIFT_STANDARD_LIBRARIES = YES;
				CODE_SIGN_STYLE = Automatic;
				INFOPLIST_FILE = SwiftTableviewProjUITests/Info.plist;
				LD_RUNPATH_SEARCH_PATHS = "$(inherited) @executable_path/Frameworks @loader_path/Frameworks";
				PRODUCT_BUNDLE_IDENTIFIER = infy.SwiftTableviewProjUITests;
				PRODUCT_NAME = "$(TARGET_NAME)";
				SWIFT_VERSION = 4.0;
				TARGETED_DEVICE_FAMILY = "1,2";
				TEST_TARGET_NAME = SwiftTableviewProj;
			};
			name = Debug;
		};
		1076CA7A20812E6000F1A06B /* Release */ = {
			isa = XCBuildConfiguration;
			buildSettings = {
				ALWAYS_EMBED_SWIFT_STANDARD_LIBRARIES = YES;
				CODE_SIGN_STYLE = Automatic;
				INFOPLIST_FILE = SwiftTableviewProjUITests/Info.plist;
				LD_RUNPATH_SEARCH_PATHS = "$(inherited) @executable_path/Frameworks @loader_path/Frameworks";
				PRODUCT_BUNDLE_IDENTIFIER = infy.SwiftTableviewProjUITests;
				PRODUCT_NAME = "$(TARGET_NAME)";
				SWIFT_VERSION = 4.0;
				TARGETED_DEVICE_FAMILY = "1,2";
				TEST_TARGET_NAME = SwiftTableviewProj;
			};
			name = Release;
		};
/* End XCBuildConfiguration section */

/* Begin XCConfigurationList section */
		1076CA4520812E6000F1A06B /* Build configuration list for PBXProject "SwiftTableviewProj" */ = {
			isa = XCConfigurationList;
			buildConfigurations = (
				1076CA7020812E6000F1A06B /* Debug */,
				1076CA7120812E6000F1A06B /* Release */,
			);
			defaultConfigurationIsVisible = 0;
			defaultConfigurationName = Release;
		};
		1076CA7220812E6000F1A06B /* Build configuration list for PBXNativeTarget "SwiftTableviewProj" */ = {
			isa = XCConfigurationList;
			buildConfigurations = (
				1076CA7320812E6000F1A06B /* Debug */,
				1076CA7420812E6000F1A06B /* Release */,
			);
			defaultConfigurationIsVisible = 0;
			defaultConfigurationName = Release;
		};
		1076CA7520812E6000F1A06B /* Build configuration list for PBXNativeTarget "SwiftTableviewProjTests" */ = {
			isa = XCConfigurationList;
			buildConfigurations = (
				1076CA7620812E6000F1A06B /* Debug */,
				1076CA7720812E6000F1A06B /* Release */,
			);
			defaultConfigurationIsVisible = 0;
			defaultConfigurationName = Release;
		};
		1076CA7820812E6000F1A06B /* Build configuration list for PBXNativeTarget "SwiftTableviewProjUITests" */ = {
			isa = XCConfigurationList;
			buildConfigurations = (
				1076CA7920812E6000F1A06B /* Debug */,
				1076CA7A20812E6000F1A06B /* Release */,
			);
			defaultConfigurationIsVisible = 0;
			defaultConfigurationName = Release;
		};
/* End XCConfigurationList section */
	};
	rootObject = 1076CA4220812E6000F1A06B /* Project object */;
}
